
Microsoft Visual Studio Solution File, Format Version 12.00
# Visual Studio Version 16
VisualStudioVersion = 25.0.1703.4
MinimumVisualStudioVersion = 10.0.40219.1
Project("{FAE04EC0-301F-11D3-BF4B-00C04F79EFBC}") = "01_console_out", "01_console_out.csproj", "{8C45205B-B59C-4637-8099-6DC2B0FC161F}"
EndProject
Global
	GlobalSection(SolutionConfigurationPlatforms) = preSolution
		Debug|Any CPU = Debug|Any CPU
		Release|Any CPU = Release|Any CPU
	EndGlobalSection
	GlobalSection(ProjectConfigurationPlatforms) = postSolution
		{8C45205B-B59C-4637-8099-6DC2B0FC161F}.Debug|Any CPU.ActiveCfg = Debug|Any CPU
		{8C45205B-B59C-4637-8099-6DC2B0FC161F}.Debug|Any CPU.Build.0 = Debug|Any CPU
		{8C45205B-B59C-4637-8099-6DC2B0FC161F}.Release|Any CPU.ActiveCfg = Release|Any CPU
		{8C45205B-B59C-4637-8099-6DC2B0FC161F}.Release|Any CPU.Build.0 = Release|Any CPU
	EndGlobalSection
	GlobalSection(SolutionProperties) = preSolution
		HideSolutionNode = FALSE
	EndGlobalSection
	GlobalSection(ExtensibilityGlobals) = postSolution
		SolutionGuid = {1FCF1934-8830-4221-BFAE-E3D43959A55B}
	EndGlobalSection
EndGlobal
